
Microsoft Visual Studio Solution File, Format Version 12.00
# Visual Studio Version 17
VisualStudioVersion = 17.4.33205.214
MinimumVisualStudioVersion = 10.0.40219.1
Project("{FAE04EC0-301F-11D3-BF4B-00C04F79EFBC}") = "MvcCrud_5", "MvcCrud_5\MvcCrud_5.csproj", "{9383796B-B95F-47B8-832A-75991BC670B3}"
EndProject
Global
	GlobalSection(SolutionConfigurationPlatforms) = preSolution
		Debug|Any CPU = Debug|Any CPU
		Release|Any CPU = Release|Any CPU
	EndGlobalSection
	GlobalSection(ProjectConfigurationPlatforms) = postSolution
		{9383796B-B95F-47B8-832A-75991BC670B3}.Debug|Any CPU.ActiveCfg = Debug|Any CPU
		{9383796B-B95F-47B8-832A-75991BC670B3}.Debug|Any CPU.Build.0 = Debug|Any CPU
		{9383796B-B95F-47B8-832A-75991BC670B3}.Release|Any CPU.ActiveCfg = Release|Any CPU
		{9383796B-B95F-47B8-832A-75991BC670B3}.Release|Any CPU.Build.0 = Release|Any CPU
	EndGlobalSection
	GlobalSection(SolutionProperties) = preSolution
		HideSolutionNode = FALSE
	EndGlobalSection
	GlobalSection(ExtensibilityGlobals) = postSolution
		SolutionGuid = {F6C306DF-97BA-431F-BDBF-B090F0510AB3}
	EndGlobalSection
EndGlobal
